
Microsoft Visual Studio Solution File, Format Version 12.00
# Visual Studio Version 16
VisualStudioVersion = 16.0.32602.291
MinimumVisualStudioVersion = 10.0.40219.1
Project("{2150E333-8FDC-42A3-9474-1A3956D46DE8}") = "tests", "tests", "{43D8B973-6619-4036-9974-AD336CFBDD86}"
EndProject
Project("{9A19103F-16F7-4668-BE54-9A1E7A4F7556}") = "TestForAvalonia", "tests\TestForAvalonia\TestForAvalonia.csproj", "{37D6EEA7-53B7-4835-9D28-AC936A384A48}"
EndProject
Project("{2150E333-8FDC-42A3-9474-1A3956D46DE8}") = "libs", "libs", "{CD7EAB4A-D8C8-4276-8F1D-4856ED4C72F1}"
EndProject
Project("{2150E333-8FDC-42A3-9474-1A3956D46DE8}") = "apps", "apps", "{86F69713-FBD3-4D4D-BC13-FD93F7B39FFB}"
EndProject
Project("{9A19103F-16F7-4668-BE54-9A1E7A4F7556}") = "AvaloniaTestHelper", "tests\libs\AvaloniaTestHelper\AvaloniaTestHelper.csproj", "{16674A7C-DDFC-445D-BB2E-834D15053706}"
EndProject
Project("{9A19103F-16F7-4668-BE54-9A1E7A4F7556}") = "DemoAvaloniaMainApp", "tests\apps\DemoAvaloniaMainApp\DemoAvaloniaMainApp.csproj", "{08F348A9-9CF0-4227-AC47-1D102DD2CD64}"
EndProject
Project("{9A19103F-16F7-4668-BE54-9A1E7A4F7556}") = "DemoAvaloniaSubTools", "tests\apps\DemoAvaloniaSubTools\DemoAvaloniaSubTools.csproj", "{D9208B7B-FB73-457E-A943-F02CF7E3B62C}"
EndProject
Project("{9A19103F-16F7-4668-BE54-9A1E7A4F7556}") = "LocalMessage.Avalonia", "LocalMessage.Avalonia\LocalMessage.Avalonia.csproj", "{30360E63-54BA-4EE0-9333-8266D995FBA1}"
EndProject
Project("{FAE04EC0-301F-11D3-BF4B-00C04F79EFBC}") = "LocalMessage.WPF", "LocalMessage.WPF\LocalMessage.WPF.csproj", "{AB9C778E-6E2B-4B63-BD01-E8FA6AB63979}"
EndProject
Global
	GlobalSection(SolutionConfigurationPlatforms) = preSolution
		Debug|Any CPU = Debug|Any CPU
		Release|Any CPU = Release|Any CPU
	EndGlobalSection
	GlobalSection(ProjectConfigurationPlatforms) = postSolution
		{37D6EEA7-53B7-4835-9D28-AC936A384A48}.Debug|Any CPU.ActiveCfg = Debug|Any CPU
		{37D6EEA7-53B7-4835-9D28-AC936A384A48}.Debug|Any CPU.Build.0 = Debug|Any CPU
		{37D6EEA7-53B7-4835-9D28-AC936A384A48}.Release|Any CPU.ActiveCfg = Release|Any CPU
		{37D6EEA7-53B7-4835-9D28-AC936A384A48}.Release|Any CPU.Build.0 = Release|Any CPU
		{16674A7C-DDFC-445D-BB2E-834D15053706}.Debug|Any CPU.ActiveCfg = Debug|Any CPU
		{16674A7C-DDFC-445D-BB2E-834D15053706}.Debug|Any CPU.Build.0 = Debug|Any CPU
		{16674A7C-DDFC-445D-BB2E-834D15053706}.Release|Any CPU.ActiveCfg = Release|Any CPU
		{16674A7C-DDFC-445D-BB2E-834D15053706}.Release|Any CPU.Build.0 = Release|Any CPU
		{08F348A9-9CF0-4227-AC47-1D102DD2CD64}.Debug|Any CPU.ActiveCfg = Debug|Any CPU
		{08F348A9-9CF0-4227-AC47-1D102DD2CD64}.Debug|Any CPU.Build.0 = Debug|Any CPU
		{08F348A9-9CF0-4227-AC47-1D102DD2CD64}.Release|Any CPU.ActiveCfg = Release|Any CPU
		{08F348A9-9CF0-4227-AC47-1D102DD2CD64}.Release|Any CPU.Build.0 = Release|Any CPU
		{D9208B7B-FB73-457E-A943-F02CF7E3B62C}.Debug|Any CPU.ActiveCfg = Debug|Any CPU
		{D9208B7B-FB73-457E-A943-F02CF7E3B62C}.Debug|Any CPU.Build.0 = Debug|Any CPU
		{D9208B7B-FB73-457E-A943-F02CF7E3B62C}.Release|Any CPU.ActiveCfg = Release|Any CPU
		{D9208B7B-FB73-457E-A943-F02CF7E3B62C}.Release|Any CPU.Build.0 = Release|Any CPU
		{30360E63-54BA-4EE0-9333-8266D995FBA1}.Debug|Any CPU.ActiveCfg = Debug|Any CPU
		{30360E63-54BA-4EE0-9333-8266D995FBA1}.Debug|Any CPU.Build.0 = Debug|Any CPU
		{30360E63-54BA-4EE0-9333-8266D995FBA1}.Release|Any CPU.ActiveCfg = Release|Any CPU
		{30360E63-54BA-4EE0-9333-8266D995FBA1}.Release|Any CPU.Build.0 = Release|Any CPU
		{AB9C778E-6E2B-4B63-BD01-E8FA6AB63979}.Debug|Any CPU.ActiveCfg = Debug|Any CPU
		{AB9C778E-6E2B-4B63-BD01-E8FA6AB63979}.Debug|Any CPU.Build.0 = Debug|Any CPU
		{AB9C778E-6E2B-4B63-BD01-E8FA6AB63979}.Release|Any CPU.ActiveCfg = Release|Any CPU
		{AB9C778E-6E2B-4B63-BD01-E8FA6AB63979}.Release|Any CPU.Build.0 = Release|Any CPU
	EndGlobalSection
	GlobalSection(SolutionProperties) = preSolution
		HideSolutionNode = FALSE
	EndGlobalSection
	GlobalSection(NestedProjects) = preSolution
		{37D6EEA7-53B7-4835-9D28-AC936A384A48} = {43D8B973-6619-4036-9974-AD336CFBDD86}
		{CD7EAB4A-D8C8-4276-8F1D-4856ED4C72F1} = {43D8B973-6619-4036-9974-AD336CFBDD86}
		{86F69713-FBD3-4D4D-BC13-FD93F7B39FFB} = {43D8B973-6619-4036-9974-AD336CFBDD86}
		{16674A7C-DDFC-445D-BB2E-834D15053706} = {CD7EAB4A-D8C8-4276-8F1D-4856ED4C72F1}
		{08F348A9-9CF0-4227-AC47-1D102DD2CD64} = {86F69713-FBD3-4D4D-BC13-FD93F7B39FFB}
		{D9208B7B-FB73-457E-A943-F02CF7E3B62C} = {86F69713-FBD3-4D4D-BC13-FD93F7B39FFB}
	EndGlobalSection
	GlobalSection(ExtensibilityGlobals) = postSolution
		SolutionGuid = {F75A23A5-7FA1-48B4-8AF5-760FFF63C9E5}
	EndGlobalSection
EndGlobal
